github.com/FortAwesome/Font-Awesome v0.0.0-20241216213156-af620534bfc3 h1:/iluJkJiyTAdnqrw3Yi9rH2HNHhrrtCmj8VJe7I6o3w=
github.com/FortAwesome/Font-Awesome v0.0.0-20241216213156-af620534bfc3/go.mod h1:IUgezN/MFpCDIlFezw3L8j83oeiIuYoj28Miwr/KUYo=
github.com/layer5io/academy-theme v0.2.8 h1:iJmAQM5jGLbpSyOAgKOpaAX6GE8AuqOz6Jm/jkqQo4g=
github.com/layer5io/academy-theme v0.2.8/go.mod h1:Dv72UWsREOvX4Zg4mJjrpoyDxdgxxpiDotxqYBXMjXo=
github.com/layer5io/academy-theme v0.3.0 h1:kDLXZXiiLMH23TY0HCDVa064XHVkxLsbaS9eRohR03k=
github.com/layer5io/academy-theme v0.3.0/go.mod h1:Dv72UWsREOvX4Zg4mJjrpoyDxdgxxpiDotxqYBXMjXo=
github.com/layer5io/academy-theme v0.3.1 h1:WOD9PYpcj81vv9hkrlYn2ts09GiZCk6WxqaBWuWdoCk=
github.com/layer5io/academy-theme v0.3.1/go.mod h1:Dv72UWsREOvX4Zg4mJjrpoyDxdgxxpiDotxqYBXMjXo=
github.com/layer5io/academy-theme v0.3.4 h1:fZF2BM5W3/vjLrTrLFL4SQ1s6E7h1on0UVopsEw4tDQ=
github.com/layer5io/academy-theme v0.3.4/go.mod h1:Dv72UWsREOvX4Zg4mJjrpoyDxdgxxpiDotxqYBXMjXo=
github.com/layer5io/academy-theme v0.3.5 h1:6LV6puez+NrzEWgbxuvgc2IUfyz1LcQsclt5wwkjFXc=
github.com/layer5io/academy-theme v0.3.5/go.mod h1:Dv72UWsREOvX4Zg4mJjrpoyDxdgxxpiDotxqYBXMjXo=
github.com/layer5io/digitalocean-academy v0.0.0-20250811164829-9c9fe0d0fb30 h1:uOYEZhHFszNjb0ceanoSk118T+6KAFcTopZGYNSVLeQ=
github.com/layer5io/digitalocean-academy v0.0.0-20250811164829-9c9fe0d0fb30/go.mod h1:HwJAxS+mg1K33NKaDIngdVhya6+GPAraeTyi6g+4268=
github.com/layer5io/digitalocean-academy v0.1.1 h1:cYIV8WZGCUHxrEg1NtXtqIhvQuWVbvlGmzl6knsS6So=
github.com/layer5io/digitalocean-academy v0.1.1/go.mod h1:HwJAxS+mg1K33NKaDIngdVhya6+GPAraeTyi6g+4268=
github.com/layer5io/digitalocean-academy v0.1.2 h1:30eSRmqoNNsW72DpaNcOEEG3aZKl8QnGi44ZFd0sllU=
github.com/layer5io/digitalocean-academy v0.1.2/go.mod h1:mU1UGptxC+nnLu4bTJzNCKLaXw+dBHz5XCesyTipViA=
github.com/layer5io/digitalocean-academy v0.1.3 h1:5o4iZAgHH86KJFX7oN7jBKdxqHBGSJq7qZ2wf3aFom4=
github.com/layer5io/digitalocean-academy v0.1.3/go.mod h1:mU1UGptxC+nnLu4bTJzNCKLaXw+dBHz5XCesyTipViA=
github.com/layer5io/digitalocean-academy v0.1.4 h1:yN9gSM04iaMFWSibFjBHQhCCNBteD/ukiGyZCnfaJpU=
github.com/layer5io/digitalocean-academy v0.1.4/go.mod h1:mU1UGptxC+nnLu4bTJzNCKLaXw+dBHz5XCesyTipViA=
github.com/layer5io/digitalocean-academy v0.1.5 h1:G2fKeF8s5V4IENd34CX0k3/6E+e1meyLuHmu7hcIEog=
github.com/layer5io/digitalocean-academy v0.1.5/go.mod h1:mU1UGptxC+nnLu4bTJzNCKLaXw+dBHz5XCesyTipViA=
github.com/layer5io/digitalocean-academy v0.1.6 h1:5nCfR7tlyOlbisfysSJII3LG60mOjTMn1Lh6Dj9YiF8=
github.com/layer5io/digitalocean-academy v0.1.6/go.mod h1:mU1UGptxC+nnLu4bTJzNCKLaXw+dBHz5XCesyTipViA=
github.com/layer5io/digitalocean-academy v0.1.7 h1:z9l/NZYD4igZwYUswjQ9S+U3wpuMcK468MbEUOBPNKQ=
github.com/layer5io/digitalocean-academy v0.1.7/go.mod h1:mU1UGptxC+nnLu4bTJzNCKLaXw+dBHz5XCesyTipViA=
github.com/layer5io/digitalocean-academy v0.1.8 h1:XQi2RO/fkldYyIal4rC1uLbpXvSH9kjtpuzHlMFM0xs=
github.com/layer5io/digitalocean-academy v0.1.8/go.mod h1:mU1UGptxC+nnLu4bTJzNCKLaXw+dBHz5XCesyTipViA=
github.com/layer5io/digitalocean-academy v0.1.9 h1:fCZ4/buEvKob6vwr0QJ8IyGlBcsGQBcGqO4oC1w3N9k=
github.com/layer5io/digitalocean-academy v0.1.9/go.mod h1:mU1UGptxC+nnLu4bTJzNCKLaXw+dBHz5XCesyTipViA=
github.com/layer5io/exoscale-academy v0.6.5 h1:ZC36fwf/AwaTLdCLsBcj0rafpDCfhf9UObUid5y7G2I=
github.com/layer5io/exoscale-academy v0.6.5/go.mod h1:Plyt2oY6ptY2b/m0B3LthZ5yF62lsEz4iXuSiaZy+kE=
github.com/layer5io/exoscale-academy v0.6.6 h1:JLxXBDas9dQNTqga9nfknnWsH1HmOF+hBSER4E0BEOU=
github.com/layer5io/exoscale-academy v0.6.6/go.mod h1:Plyt2oY6ptY2b/m0B3LthZ5yF62lsEz4iXuSiaZy+kE=
github.com/layer5io/exoscale-academy v0.6.7 h1:aV04XZmNaQ6h0VYROgkH6HANzO00ZSoPRTn2GyfYejg=
github.com/layer5io/exoscale-academy v0.6.7/go.mod h1:Plyt2oY6ptY2b/m0B3LthZ5yF62lsEz4iXuSiaZy+kE=
github.com/layer5io/exoscale-academy v0.6.8 h1:od2r3QdzKBO2RvnyYmEM89AWNmqh60333QViuGohhNk=
github.com/layer5io/exoscale-academy v0.6.8/go.mod h1:Plyt2oY6ptY2b/m0B3LthZ5yF62lsEz4iXuSiaZy+kE=
github.com/layer5io/exoscale-academy v0.6.9 h1:ITUZCkMRYfI1YJeafW8TWhVMbeb+NqFAW5uWVvkYTIA=
github.com/layer5io/exoscale-academy v0.6.9/go.mod h1:VpvdxjMh0qetF67nFVtXrCgacP1F9ic7tUeOTen5cpI=
github.com/layer5io/exoscale-academy v0.6.10 h1:iVDE/T+vgx8nEGlzPllFxH41fdRpU2NV0/hg+cqiRuc=
github.com/layer5io/exoscale-academy v0.6.10/go.mod h1:VpvdxjMh0qetF67nFVtXrCgacP1F9ic7tUeOTen5cpI=
github.com/layer5io/exoscale-academy v0.6.11 h1:G9ojl6ZIfsZJK6/mR97TlVR3IgkccuS1CJXwEkM3Dqg=
github.com/layer5io/exoscale-academy v0.6.11/go.mod h1:OiD99pCFD9reNVZydL6TqBwuEtAmNAwsKcGNk0MVMcs=
github.com/layer5io/exoscale-academy v0.6.12 h1:oTQZttj3JjbocyuzsmFCx6E1dPAqvMYe0QkOHvsxTgQ=
github.com/layer5io/exoscale-academy v0.6.12/go.mod h1:OiD99pCFD9reNVZydL6TqBwuEtAmNAwsKcGNk0MVMcs=
github.com/layer5io/exoscale-academy v0.6.13 h1:Xl+060u9izfyM0CxjoCD2iTSSeI1PhnofER8txp5FUs=
github.com/layer5io/exoscale-academy v0.6.13/go.mod h1:OiD99pCFD9reNVZydL6TqBwuEtAmNAwsKcGNk0MVMcs=
github.com/layer5io/exoscale-academy v0.6.14 h1:nGR+CzrB+THOoiKwMLBktZfDyYJRFwESVxMlM3FjeBA=
github.com/layer5io/exoscale-academy v0.6.14/go.mod h1:RfUBLS9IDFZvEDASiJXB5qby0OaK0/UZa1qggtF5y3Q=
github.com/layer5io/exoscale-academy v0.6.15 h1:mf8OMFBtGT0AE9JDl6m0viuNt0WKD6g+odNtSjmtxr8=
github.com/layer5io/exoscale-academy v0.6.15/go.mod h1:RfUBLS9IDFZvEDASiJXB5qby0OaK0/UZa1qggtF5y3Q=
github.com/layer5io/exoscale-academy v0.6.16 h1:uSkwTwpCKCOj9AHN6MdiVqKULtd3pqEr/vEDAV0FaxI=
github.com/layer5io/exoscale-academy v0.6.16/go.mod h1:RfUBLS9IDFZvEDASiJXB5qby0OaK0/UZa1qggtF5y3Q=
github.com/layer5io/exoscale-academy v0.6.17 h1:Wvt42C0FRCF4/MPzy8aebE8yycoFNtP/JhDYtRjETWc=
github.com/layer5io/exoscale-academy v0.6.17/go.mod h1:RfUBLS9IDFZvEDASiJXB5qby0OaK0/UZa1qggtF5y3Q=
github.com/layer5io/layer5-academy v0.4.1 h1:I7Ggh8DAtR8CmVxRV9CBMB0JrHLaALvjwTYFtPposUI=
github.com/layer5io/layer5-academy v0.4.1/go.mod h1:4WqhzGQQN6veMumx/IUXi6T9YEvtsP9qUxPLuGCq8mY=
github.com/layer5io/layer5-academy v0.4.2 h1:x0K2dtREBq8OUenbfjVYog6nscDL59oLhIXL3YLy0SQ=
github.com/layer5io/layer5-academy v0.4.2/go.mod h1:4WqhzGQQN6veMumx/IUXi6T9YEvtsP9qUxPLuGCq8mY=
github.com/layer5io/layer5-academy v0.5.0 h1:SLqL2S+BVABUilnNoCq1fZ9NUO1GfwmkC0ipi8P5g+M=
github.com/layer5io/layer5-academy v0.5.0/go.mod h1:bMoA+0Weqn4pLCMggxKAAHCgsaSr1Q1+BH35kSDh/kc=
github.com/layer5io/layer5-academy v0.5.1 h1:Mw+3/u3fbP6zp+oA4Bb3r3qMRhJw9dRYOez556DKJYo=
github.com/layer5io/layer5-academy v0.5.1/go.mod h1:MnTCifCP8/8xGsCavQyNavCtyjbTc8KNNQ6FX1k/SBE=
github.com/layer5io/layer5-academy v0.6.0 h1:ptqEO+MavZ7anlWBs4KN+LrHyeTn2E7tE+AbnVgY4DY=
github.com/layer5io/layer5-academy v0.6.0/go.mod h1:4J1q6W7kPmL9f5uVgHFh+W41nvdhkCIZHX9o/f2UC+g=
github.com/layer5io/layer5-academy v0.6.1 h1:Is9eJ+3ZC55v9eE96TUjvNAJOu8+TetqNW/qe9slIvs=
github.com/layer5io/layer5-academy v0.6.1/go.mod h1:e1PFs9kVqafFFCAKAgRHtOvj9bq8MoGXF2uL+sv1viA=
github.com/layer5io/layer5-academy v0.6.2 h1:EkIV7u2hhrg7c7hD7g2l72QOwH+HHOs5NqY0czPAvjA=
github.com/layer5io/layer5-academy v0.6.2/go.mod h1:e1PFs9kVqafFFCAKAgRHtOvj9bq8MoGXF2uL+sv1viA=
github.com/layer5io/layer5-academy v0.6.3 h1:jL9pr/ezcHmE1GDICuLSXd5qy17CmJ2hhGMZ5WX1BHc=
github.com/layer5io/layer5-academy v0.6.3/go.mod h1:e1PFs9kVqafFFCAKAgRHtOvj9bq8MoGXF2uL+sv1viA=
github.com/layer5io/layer5-academy v0.6.4 h1:mmlKxT8/JZ+Hw7/GIwfmXJT++umVJvYlyKl6LXZF0Kw=
github.com/layer5io/layer5-academy v0.6.4/go.mod h1:e1PFs9kVqafFFCAKAgRHtOvj9bq8MoGXF2uL+sv1viA=
github.com/layer5io/layer5-academy v0.7.0 h1:78tm8aBu4hvcut+cGOZTRPYFEkmEF7KhcDZEli3AjcE=
github.com/layer5io/layer5-academy v0.7.0/go.mod h1:e1PFs9kVqafFFCAKAgRHtOvj9bq8MoGXF2uL+sv1viA=
github.com/layer5io/layer5-academy v0.7.1 h1:pTZx9lTXYQ9SXJnXFp/yO8HaFij/V0YMLON8sKkMzcA=
github.com/layer5io/layer5-academy v0.7.1/go.mod h1:e1PFs9kVqafFFCAKAgRHtOvj9bq8MoGXF2uL+sv1viA=
github.com/layer5io/layer5-academy v0.7.2 h1:+Z7hCbQu/GoDj9w630K1r9QtxQCCBYz+SpUoiIblVKY=
github.com/layer5io/layer5-academy v0.7.2/go.mod h1:e1PFs9kVqafFFCAKAgRHtOvj9bq8MoGXF2uL+sv1viA=
github.com/meshery-extensions/meshery-academy v0.0.5 h1:TXMICIlbA2g07yMqCNeL8UqAG6rzVyAGrwoRNoriuu4=
github.com/meshery-extensions/meshery-academy v0.0.5/go.mod h1:/wIKj/8hYbf5GstZUO4NHcD+QlnDpIR2YxROUp6vQds=
github.com/twbs/bootstrap v5.3.7+incompatible h1:ea1W8TOWZFkqSK2M0McpgzLiUQVru3bz8aHb0j/XtuM=
github.com/twbs/bootstrap v5.3.7+incompatible/go.mod h1:fZTSrkpSf0/HkL0IIJzvVspTt1r9zuf7XlZau8kpcY0=
